// !$*UTF8*$!
{
	archiveVersion = 1;
	classes = {
	};
	objectVersion = 46;
	objects = {

/* Begin PBXBuildFile section */
		3A31F8281EA8649C00018466 /* AppDelegate.swift in Sources */ = {isa = PBXBuildFile; fileRef = 3A31F8271EA8649C00018466 /* AppDelegate.swift */; };
		3A31F82F1EA8649C00018466 /* Assets.xcassets in Resources */ = {isa = PBXBuildFile; fileRef = 3A31F82E1EA8649C00018466 /* Assets.xcassets */; };
		3A31F83D1EA8649D00018466 /* YFLWBSwiftTests.swift in Sources */ = {isa = PBXBuildFile; fileRef = 3A31F83C1EA8649D00018466 /* YFLWBSwiftTests.swift */; };
		3A31F8481EA8649D00018466 /* YFLWBSwiftUITests.swift in Sources */ = {isa = PBXBuildFile; fileRef = 3A31F8471EA8649D00018466 /* YFLWBSwiftUITests.swift */; };
		3A31F8BF1EA8AD2E00018466 /* WBTabBarController.swift in Sources */ = {isa = PBXBuildFile; fileRef = 3A31F8BE1EA8AD2E00018466 /* WBTabBarController.swift */; };
		3A31F8C11EA8AD4F00018466 /* WBNavigationController.swift in Sources */ = {isa = PBXBuildFile; fileRef = 3A31F8C01EA8AD4F00018466 /* WBNavigationController.swift */; };
		3A31F8C31EA8AD6C00018466 /* WBBaseViewController.swift in Sources */ = {isa = PBXBuildFile; fileRef = 3A31F8C21EA8AD6C00018466 /* WBBaseViewController.swift */; };
		3A31F8C51EA8AD9E00018466 /* WBDiscoverController.swift in Sources */ = {isa = PBXBuildFile; fileRef = 3A31F8C41EA8AD9E00018466 /* WBDiscoverController.swift */; };
		3A31F8C71EA8ADA600018466 /* WBHomeViewController.swift in Sources */ = {isa = PBXBuildFile; fileRef = 3A31F8C61EA8ADA600018466 /* WBHomeViewController.swift */; };
		3A31F8C91EA8ADB400018466 /* WBMessageController.swift in Sources */ = {isa = PBXBuildFile; fileRef = 3A31F8C81EA8ADB400018466 /* WBMessageController.swift */; };
		3A31F8CB1EA8ADC400018466 /* WBProfileController.swift in Sources */ = {isa = PBXBuildFile; fileRef = 3A31F8CA1EA8ADC400018466 /* WBProfileController.swift */; };
		3A31F8E61EA8B67C00018466 /* NSArray+Log.m in Sources */ = {isa = PBXBuildFile; fileRef = 3A31F8CF1EA8B67C00018466 /* NSArray+Log.m */; };
		3A31F8E71EA8B67C00018466 /* NSAttributedString+CZAdditon.m in Sources */ = {isa = PBXBuildFile; fileRef = 3A31F8D11EA8B67C00018466 /* NSAttributedString+CZAdditon.m */; };
		3A31F8E81EA8B67C00018466 /* NSObject+CZRuntime.m in Sources */ = {isa = PBXBuildFile; fileRef = 3A31F8D31EA8B67C00018466 /* NSObject+CZRuntime.m */; };
		3A31F8E91EA8B67C00018466 /* NSString+CZBase64.m in Sources */ = {isa = PBXBuildFile; fileRef = 3A31F8D51EA8B67C00018466 /* NSString+CZBase64.m */; };
		3A31F8EA1EA8B67C00018466 /* NSString+CZHash.m in Sources */ = {isa = PBXBuildFile; fileRef = 3A31F8D71EA8B67C00018466 /* NSString+CZHash.m */; };
		3A31F8EB1EA8B67C00018466 /* NSString+CZPath.m in Sources */ = {isa = PBXBuildFile; fileRef = 3A31F8D91EA8B67C00018466 /* NSString+CZPath.m */; };
		3A31F8EC1EA8B67C00018466 /* UIButton+CZAddition.m in Sources */ = {isa = PBXBuildFile; fileRef = 3A31F8DB1EA8B67C00018466 /* UIButton+CZAddition.m */; };
		3A31F8ED1EA8B67C00018466 /* UIColor+CZAddition.m in Sources */ = {isa = PBXBuildFile; fileRef = 3A31F8DD1EA8B67C00018466 /* UIColor+CZAddition.m */; };
		3A31F8EE1EA8B67C00018466 /* UILabel+CZAddition.m in Sources */ = {isa = PBXBuildFile; fileRef = 3A31F8DF1EA8B67C00018466 /* UILabel+CZAddition.m */; };
		3A31F8EF1EA8B67C00018466 /* UIScreen+CZAddition.m in Sources */ = {isa = PBXBuildFile; fileRef = 3A31F8E11EA8B67C00018466 /* UIScreen+CZAddition.m */; };
		3A31F8F01EA8B67C00018466 /* UIView+CZAddition.m in Sources */ = {isa = PBXBuildFile; fileRef = 3A31F8E31EA8B67C00018466 /* UIView+CZAddition.m */; };
		3A31F8F11EA8B67C00018466 /* UIViewController+CZAddition.m in Sources */ = {isa = PBXBuildFile; fileRef = 3A31F8E51EA8B67C00018466 /* UIViewController+CZAddition.m */; };
/* End PBXBuildFile section */

/* Begin PBXContainerItemProxy section */
		3A31F8391EA8649D00018466 /* PBXContainerItemProxy */ = {
			isa = PBXContainerItemProxy;
			containerPortal = 3A31F81C1EA8649C00018466 /* Project object */;
			proxyType = 1;
			remoteGlobalIDString = 3A31F8231EA8649C00018466;
			remoteInfo = YFLWBSwift;
		};
		3A31F8441EA8649D00018466 /* PBXContainerItemProxy */ = {
			isa = PBXContainerItemProxy;
			containerPortal = 3A31F81C1EA8649C00018466 /* Project object */;
			proxyType = 1;
			remoteGlobalIDString = 3A31F8231EA8649C00018466;
			remoteInfo = YFLWBSwift;
		};
/* End PBXContainerItemProxy section */

/* Begin PBXFileReference section */
		3A31F8241EA8649C00018466 /* YFLWBSwift.app */ = {isa = PBXFileReference; explicitFileType = wrapper.application; includeInIndex = 0; path = YFLWBSwift.app; sourceTree = BUILT_PRODUCTS_DIR; };
		3A31F8271EA8649C00018466 /* AppDelegate.swift */ = {isa = PBXFileReference; lastKnownFileType = sourcecode.swift; path = AppDelegate.swift; sourceTree = "<group>"; };
		3A31F82E1EA8649C00018466 /* Assets.xcassets */ = {isa = PBXFileReference; lastKnownFileType = folder.assetcatalog; path = Assets.xcassets; sourceTree = "<group>"; };
		3A31F8331EA8649C00018466 /* Info.plist */ = {isa = PBXFileReference; lastKnownFileType = text.plist.xml; path = Info.plist; sourceTree = "<group>"; };
		3A31F8381EA8649D00018466 /* YFLWBSwiftTests.xctest */ = {isa = PBXFileReference; explicitFileType = wrapper.cfbundle; includeInIndex = 0; path = YFLWBSwiftTests.xctest; sourceTree = BUILT_PRODUCTS_DIR; };
		3A31F83C1EA8649D00018466 /* YFLWBSwiftTests.swift */ = {isa = PBXFileReference; lastKnownFileType = sourcecode.swift; path = YFLWBSwiftTests.swift; sourceTree = "<group>"; };
		3A31F83E1EA8649D00018466 /* Info.plist */ = {isa = PBXFileReference; lastKnownFileType = text.plist.xml; path = Info.plist; sourceTree = "<group>"; };
		3A31F8431EA8649D00018466 /* YFLWBSwiftUITests.xctest */ = {isa = PBXFileReference; explicitFileType = wrapper.cfbundle; includeInIndex = 0; path = YFLWBSwiftUITests.xctest; sourceTree = BUILT_PRODUCTS_DIR; };
		3A31F8471EA8649D00018466 /* YFLWBSwiftUITests.swift */ = {isa = PBXFileReference; lastKnownFileType = sourcecode.swift; path = YFLWBSwiftUITests.swift; sourceTree = "<group>"; };
		3A31F8491EA8649D00018466 /* Info.plist */ = {isa = PBXFileReference; lastKnownFileType = text.plist.xml; path = Info.plist; sourceTree = "<group>"; };
		3A31F8BE1EA8AD2E00018466 /* WBTabBarController.swift */ = {isa = PBXFileReference; fileEncoding = 4; lastKnownFileType = sourcecode.swift; path = WBTabBarController.swift; sourceTree = "<group>"; };
		3A31F8C01EA8AD4F00018466 /* WBNavigationController.swift */ = {isa = PBXFileReference; fileEncoding = 4; lastKnownFileType = sourcecode.swift; path = WBNavigationController.swift; sourceTree = "<group>"; };
		3A31F8C21EA8AD6C00018466 /* WBBaseViewController.swift */ = {isa = PBXFileReference; fileEncoding = 4; lastKnownFileType = sourcecode.swift; path = WBBaseViewController.swift; sourceTree = "<group>"; };
		3A31F8C41EA8AD9E00018466 /* WBDiscoverController.swift */ = {isa = PBXFileReference; fileEncoding = 4; lastKnownFileType = sourcecode.swift; path = WBDiscoverController.swift; sourceTree = "<group>"; };
		3A31F8C61EA8ADA600018466 /* WBHomeViewController.swift */ = {isa = PBXFileReference; fileEncoding = 4; lastKnownFileType = sourcecode.swift; path = WBHomeViewController.swift; sourceTree = "<group>"; };
		3A31F8C81EA8ADB400018466 /* WBMessageController.swift */ = {isa = PBXFileReference; fileEncoding = 4; lastKnownFileType = sourcecode.swift; path = WBMessageController.swift; sourceTree = "<group>"; };
		3A31F8CA1EA8ADC400018466 /* WBProfileController.swift */ = {isa = PBXFileReference; fileEncoding = 4; lastKnownFileType = sourcecode.swift; path = WBProfileController.swift; sourceTree = "<group>"; };
		3A31F8CD1EA8B67C00018466 /* CZAdditions.h */ = {isa = PBXFileReference; fileEncoding = 4; lastKnownFileType = sourcecode.c.h; path = CZAdditions.h; sourceTree = "<group>"; };
		3A31F8CE1EA8B67C00018466 /* NSArray+Log.h */ = {isa = PBXFileReference; fileEncoding = 4; lastKnownFileType = sourcecode.c.h; path = "NSArray+Log.h"; sourceTree = "<group>"; };
		3A31F8CF1EA8B67C00018466 /* NSArray+Log.m */ = {isa = PBXFileReference; fileEncoding = 4; lastKnownFileType = sourcecode.c.objc; path = "NSArray+Log.m"; sourceTree = "<group>"; };
		3A31F8D01EA8B67C00018466 /* NSAttributedString+CZAdditon.h */ = {isa = PBXFileReference; fileEncoding = 4; lastKnownFileType = sourcecode.c.h; path = "NSAttributedString+CZAdditon.h"; sourceTree = "<group>"; };
		3A31F8D11EA8B67C00018466 /* NSAttributedString+CZAdditon.m */ = {isa = PBXFileReference; fileEncoding = 4; lastKnownFileType = sourcecode.c.objc; path = "NSAttributedString+CZAdditon.m"; sourceTree = "<group>"; };
		3A31F8D21EA8B67C00018466 /* NSObject+CZRuntime.h */ = {isa = PBXFileReference; fileEncoding = 4; lastKnownFileType = sourcecode.c.h; path = "NSObject+CZRuntime.h"; sourceTree = "<group>"; };
		3A31F8D31EA8B67C00018466 /* NSObject+CZRuntime.m */ = {isa = PBXFileReference; fileEncoding = 4; lastKnownFileType = sourcecode.c.objc; path = "NSObject+CZRuntime.m"; sourceTree = "<group>"; };
		3A31F8D41EA8B67C00018466 /* NSString+CZBase64.h */ = {isa = PBXFileReference; fileEncoding = 4; lastKnownFileType = sourcecode.c.h; path = "NSString+CZBase64.h"; sourceTree = "<group>"; };
		3A31F8D51EA8B67C00018466 /* NSString+CZBase64.m */ = {isa = PBXFileReference; fileEncoding = 4; lastKnownFileType = sourcecode.c.objc; path = "NSString+CZBase64.m"; sourceTree = "<group>"; };
		3A31F8D61EA8B67C00018466 /* NSString+CZHash.h */ = {isa = PBXFileReference; fileEncoding = 4; lastKnownFileType = sourcecode.c.h; path = "NSString+CZHash.h"; sourceTree = "<group>"; };
		3A31F8D71EA8B67C00018466 /* NSString+CZHash.m */ = {isa = PBXFileReference; fileEncoding = 4; lastKnownFileType = sourcecode.c.objc; path = "NSString+CZHash.m"; sourceTree = "<group>"; };
		3A31F8D81EA8B67C00018466 /* NSString+CZPath.h */ = {isa = PBXFileReference; fileEncoding = 4; lastKnownFileType = sourcecode.c.h; path = "NSString+CZPath.h"; sourceTree = "<group>"; };
		3A31F8D91EA8B67C00018466 /* NSString+CZPath.m */ = {isa = PBXFileReference; fileEncoding = 4; lastKnownFileType = sourcecode.c.objc; path = "NSString+CZPath.m"; sourceTree = "<group>"; };
		3A31F8DA1EA8B67C00018466 /* UIButton+CZAddition.h */ = {isa = PBXFileReference; fileEncoding = 4; lastKnownFileType = sourcecode.c.h; path = "UIButton+CZAddition.h"; sourceTree = "<group>"; };
		3A31F8DB1EA8B67C00018466 /* UIButton+CZAddition.m */ = {isa = PBXFileReference; fileEncoding = 4; lastKnownFileType = sourcecode.c.objc; path = "UIButton+CZAddition.m"; sourceTree = "<group>"; };
		3A31F8DC1EA8B67C00018466 /* UIColor+CZAddition.h */ = {isa = PBXFileReference; fileEncoding = 4; lastKnownFileType = sourcecode.c.h; path = "UIColor+CZAddition.h"; sourceTree = "<group>"; };
		3A31F8DD1EA8B67C00018466 /* UIColor+CZAddition.m */ = {isa = PBXFileReference; fileEncoding = 4; lastKnownFileType = sourcecode.c.objc; path = "UIColor+CZAddition.m"; sourceTree = "<group>"; };
		3A31F8DE1EA8B67C00018466 /* UILabel+CZAddition.h */ = {isa = PBXFileReference; fileEncoding = 4; lastKnownFileType = sourcecode.c.h; path = "UILabel+CZAddition.h"; sourceTree = "<group>"; };
		3A31F8DF1EA8B67C00018466 /* UILabel+CZAddition.m */ = {isa = PBXFileReference; fileEncoding = 4; lastKnownFileType = sourcecode.c.objc; path = "UILabel+CZAddition.m"; sourceTree = "<group>"; };
		3A31F8E01EA8B67C00018466 /* UIScreen+CZAddition.h */ = {isa = PBXFileReference; fileEncoding = 4; lastKnownFileType = sourcecode.c.h; path = "UIScreen+CZAddition.h"; sourceTree = "<group>"; };
		3A31F8E11EA8B67C00018466 /* UIScreen+CZAddition.m */ = {isa = PBXFileReference; fileEncoding = 4; lastKnownFileType = sourcecode.c.objc; path = "UIScreen+CZAddition.m"; sourceTree = "<group>"; };
		3A31F8E21EA8B67C00018466 /* UIView+CZAddition.h */ = {isa = PBXFileReference; fileEncoding = 4; lastKnownFileType = sourcecode.c.h; path = "UIView+CZAddition.h"; sourceTree = "<group>"; };
		3A31F8E31EA8B67C00018466 /* UIView+CZAddition.m */ = {isa = PBXFileReference; fileEncoding = 4; lastKnownFileType = sourcecode.c.objc; path = "UIView+CZAddition.m"; sourceTree = "<group>"; };
		3A31F8E41EA8B67C00018466 /* UIViewController+CZAddition.h */ = {isa = PBXFileReference; fileEncoding = 4; lastKnownFileType = sourcecode.c.h; path = "UIViewController+CZAddition.h"; sourceTree = "<group>"; };
		3A31F8E51EA8B67C00018466 /* UIViewController+CZAddition.m */ = {isa = PBXFileReference; fileEncoding = 4; lastKnownFileType = sourcecode.c.objc; path = "UIViewController+CZAddition.m"; sourceTree = "<group>"; };
		3A31F8F21EA8B70E00018466 /* WB-bridge.h */ = {isa = PBXFileReference; fileEncoding = 4; lastKnownFileType = sourcecode.c.h; path = "WB-bridge.h"; sourceTree = "<group>"; };
/* End PBXFileReference section */

/* Begin PBXFrameworksBuildPhase section */
		3A31F8211EA8649C00018466 /* Frameworks */ = {
			isa = PBXFrameworksBuildPhase;
			buildActionMask = 2147483647;
			files = (
			);
			runOnlyForDeploymentPostprocessing = 0;
		};
		3A31F8351EA8649D00018466 /* Frameworks */ = {
			isa = PBXFrameworksBuildPhase;
			buildActionMask = 2147483647;
			files = (
			);
			runOnlyForDeploymentPostprocessing = 0;
		};
		3A31F8401EA8649D00018466 /* Frameworks */ = {
			isa = PBXFrameworksBuildPhase;
			buildActionMask = 2147483647;
			files = (
			);
			runOnlyForDeploymentPostprocessing = 0;
		};
/* End PBXFrameworksBuildPhase section */

/* Begin PBXGroup section */
		3A31F81B1EA8649C00018466 = {
			isa = PBXGroup;
			children = (
				3A31F8B41EA8AC3300018466 /* Classes */,
				3A31F8261EA8649C00018466 /* YFLWBSwift */,
				3A31F83B1EA8649D00018466 /* YFLWBSwiftTests */,
				3A31F8461EA8649D00018466 /* YFLWBSwiftUITests */,
				3A31F8251EA8649C00018466 /* Products */,
			);
			sourceTree = "<group>";
		};
		3A31F8251EA8649C00018466 /* Products */ = {
			isa = PBXGroup;
			children = (
				3A31F8241EA8649C00018466 /* YFLWBSwift.app */,
				3A31F8381EA8649D00018466 /* YFLWBSwiftTests.xctest */,
				3A31F8431EA8649D00018466 /* YFLWBSwiftUITests.xctest */,
			);
			name = Products;
			sourceTree = "<group>";
		};
		3A31F8261EA8649C00018466 /* YFLWBSwift */ = {
			isa = PBXGroup;
			children = (
				3A31F8271EA8649C00018466 /* AppDelegate.swift */,
				3A31F8F21EA8B70E00018466 /* WB-bridge.h */,
				3A31F82E1EA8649C00018466 /* Assets.xcassets */,
				3A31F8331EA8649C00018466 /* Info.plist */,
			);
			path = YFLWBSwift;
			sourceTree = "<group>";
		};
		3A31F83B1EA8649D00018466 /* YFLWBSwiftTests */ = {
			isa = PBXGroup;
			children = (
				3A31F83C1EA8649D00018466 /* YFLWBSwiftTests.swift */,
				3A31F83E1EA8649D00018466 /* Info.plist */,
			);
			path = YFLWBSwiftTests;
			sourceTree = "<group>";
		};
		3A31F8461EA8649D00018466 /* YFLWBSwiftUITests */ = {
			isa = PBXGroup;
			children = (
				3A31F8471EA8649D00018466 /* YFLWBSwiftUITests.swift */,
				3A31F8491EA8649D00018466 /* Info.plist */,
			);
			path = YFLWBSwiftUITests;
			sourceTree = "<group>";
		};
		3A31F8B41EA8AC3300018466 /* Classes */ = {
			isa = PBXGroup;
			children = (
				3A31F8B51EA8AC3300018466 /* Model */,
				3A31F8B61EA8AC3300018466 /* Tools */,
				3A31F8B71EA8AC3300018466 /* View */,
				3A31F8BD1EA8AC3300018466 /* ViewModel */,
			);
			path = Classes;
			sourceTree = "<group>";
		};
		3A31F8B51EA8AC3300018466 /* Model */ = {
			isa = PBXGroup;
			children = (
			);
			path = Model;
			sourceTree = "<group>";
		};
		3A31F8B61EA8AC3300018466 /* Tools */ = {
			isa = PBXGroup;
			children = (
				3A31F8CC1EA8B67C00018466 /* Additions */,
			);
			path = Tools;
			sourceTree = "<group>";
		};
		3A31F8B71EA8AC3300018466 /* View */ = {
			isa = PBXGroup;
			children = (
				3A31F8B81EA8AC3300018466 /* Discover */,
				3A31F8B91EA8AC3300018466 /* Home */,
				3A31F8BA1EA8AC3300018466 /* Main */,
				3A31F8BB1EA8AC3300018466 /* Message */,
				3A31F8BC1EA8AC3300018466 /* Profile */,
			);
			path = View;
			sourceTree = "<group>";
		};
		3A31F8B81EA8AC3300018466 /* Discover */ = {
			isa = PBXGroup;
			children = (
				3A31F8C41EA8AD9E00018466 /* WBDiscoverController.swift */,
			);
			path = Discover;
			sourceTree = "<group>";
		};
		3A31F8B91EA8AC3300018466 /* Home */ = {
			isa = PBXGroup;
			children = (
				3A31F8C61EA8ADA600018466 /* WBHomeViewController.swift */,
			);
			path = Home;
			sourceTree = "<group>";
		};
		3A31F8BA1EA8AC3300018466 /* Main */ = {
			isa = PBXGroup;
			children = (
				3A31F8BE1EA8AD2E00018466 /* WBTabBarController.swift */,
				3A31F8C01EA8AD4F00018466 /* WBNavigationController.swift */,
				3A31F8C21EA8AD6C00018466 /* WBBaseViewController.swift */,
			);
			path = Main;
			sourceTree = "<group>";
		};
		3A31F8BB1EA8AC3300018466 /* Message */ = {
			isa = PBXGroup;
			children = (
				3A31F8C81EA8ADB400018466 /* WBMessageController.swift */,
			);
			path = Message;
			sourceTree = "<group>";
		};
		3A31F8BC1EA8AC3300018466 /* Profile */ = {
			isa = PBXGroup;
			children = (
				3A31F8CA1EA8ADC400018466 /* WBProfileController.swift */,
			);
			path = Profile;
			sourceTree = "<group>";
		};
		3A31F8BD1EA8AC3300018466 /* ViewModel */ = {
			isa = PBXGroup;
			children = (
			);
			path = ViewModel;
			sourceTree = "<group>";
		};
		3A31F8CC1EA8B67C00018466 /* Additions */ = {
			isa = PBXGroup;
			children = (
				3A31F8CD1EA8B67C00018466 /* CZAdditions.h */,
				3A31F8CE1EA8B67C00018466 /* NSArray+Log.h */,
				3A31F8CF1EA8B67C00018466 /* NSArray+Log.m */,
				3A31F8D01EA8B67C00018466 /* NSAttributedString+CZAdditon.h */,
				3A31F8D11EA8B67C00018466 /* NSAttributedString+CZAdditon.m */,
				3A31F8D21EA8B67C00018466 /* NSObject+CZRuntime.h */,
				3A31F8D31EA8B67C00018466 /* NSObject+CZRuntime.m */,
				3A31F8D41EA8B67C00018466 /* NSString+CZBase64.h */,
				3A31F8D51EA8B67C00018466 /* NSString+CZBase64.m */,
				3A31F8D61EA8B67C00018466 /* NSString+CZHash.h */,
				3A31F8D71EA8B67C00018466 /* NSString+CZHash.m */,
				3A31F8D81EA8B67C00018466 /* NSString+CZPath.h */,
				3A31F8D91EA8B67C00018466 /* NSString+CZPath.m */,
				3A31F8DA1EA8B67C00018466 /* UIButton+CZAddition.h */,
				3A31F8DB1EA8B67C00018466 /* UIButton+CZAddition.m */,
				3A31F8DC1EA8B67C00018466 /* UIColor+CZAddition.h */,
				3A31F8DD1EA8B67C00018466 /* UIColor+CZAddition.m */,
				3A31F8DE1EA8B67C00018466 /* UILabel+CZAddition.h */,
				3A31F8DF1EA8B67C00018466 /* UILabel+CZAddition.m */,
				3A31F8E01EA8B67C00018466 /* UIScreen+CZAddition.h */,
				3A31F8E11EA8B67C00018466 /* UIScreen+CZAddition.m */,
				3A31F8E21EA8B67C00018466 /* UIView+CZAddition.h */,
				3A31F8E31EA8B67C00018466 /* UIView+CZAddition.m */,
				3A31F8E41EA8B67C00018466 /* UIViewController+CZAddition.h */,
				3A31F8E51EA8B67C00018466 /* UIViewController+CZAddition.m */,
			);
			path = Additions;
			sourceTree = "<group>";
		};
/* End PBXGroup section */

/* Begin PBXNativeTarget section */
		3A31F8231EA8649C00018466 /* YFLWBSwift */ = {
			isa = PBXNativeTarget;
			buildConfigurationList = 3A31F84C1EA8649D00018466 /* Build configuration list for PBXNativeTarget "YFLWBSwift" */;
			buildPhases = (
				3A31F8201EA8649C00018466 /* Sources */,
				3A31F8211EA8649C00018466 /* Frameworks */,
				3A31F8221EA8649C00018466 /* Resources */,
			);
			buildRules = (
			);
			dependencies = (
			);
			name = YFLWBSwift;
			productName = YFLWBSwift;
			productReference = 3A31F8241EA8649C00018466 /* YFLWBSwift.app */;
			productType = "com.apple.product-type.application";
		};
		3A31F8371EA8649D00018466 /* YFLWBSwiftTests */ = {
			isa = PBXNativeTarget;
			buildConfigurationList = 3A31F84F1EA8649D00018466 /* Build configuration list for PBXNativeTarget "YFLWBSwiftTests" */;
			buildPhases = (
				3A31F8341EA8649D00018466 /* Sources */,
				3A31F8351EA8649D00018466 /* Frameworks */,
				3A31F8361EA8649D00018466 /* Resources */,
			);
			buildRules = (
			);
			dependencies = (
				3A31F83A1EA8649D00018466 /* PBXTargetDependency */,
			);
			name = YFLWBSwiftTests;
			productName = YFLWBSwiftTests;
			productReference = 3A31F8381EA8649D00018466 /* YFLWBSwiftTests.xctest */;
			productType = "com.apple.product-type.bundle.unit-test";
		};
		3A31F8421EA8649D00018466 /* YFLWBSwiftUITests */ = {
			isa = PBXNativeTarget;
			buildConfigurationList = 3A31F8521EA8649D00018466 /* Build configuration list for PBXNativeTarget "YFLWBSwiftUITests" */;
			buildPhases = (
				3A31F83F1EA8649D00018466 /* Sources */,
				3A31F8401EA8649D00018466 /* Frameworks */,
				3A31F8411EA8649D00018466 /* Resources */,
			);
			buildRules = (
			);
			dependencies = (
				3A31F8451EA8649D00018466 /* PBXTargetDependency */,
			);
			name = YFLWBSwiftUITests;
			productName = YFLWBSwiftUITests;
			productReference = 3A31F8431EA8649D00018466 /* YFLWBSwiftUITests.xctest */;
			productType = "com.apple.product-type.bundle.ui-testing";
		};
/* End PBXNativeTarget section */

/* Begin PBXProject section */
		3A31F81C1EA8649C00018466 /* Project object */ = {
			isa = PBXProject;
			attributes = {
				CLASSPREFIX = WB;
				LastSwiftUpdateCheck = 0820;
				LastUpgradeCheck = 0820;
				ORGANIZATIONNAME = "杨丰林";
				TargetAttributes = {
					3A31F8231EA8649C00018466 = {
						CreatedOnToolsVersion = 8.2.1;
						DevelopmentTeam = KK5694975F;
						ProvisioningStyle = Automatic;
					};
					3A31F8371EA8649D00018466 = {
						CreatedOnToolsVersion = 8.2.1;
						DevelopmentTeam = KK5694975F;
						ProvisioningStyle = Automatic;
						TestTargetID = 3A31F8231EA8649C00018466;
					};
					3A31F8421EA8649D00018466 = {
						CreatedOnToolsVersion = 8.2.1;
						DevelopmentTeam = KK5694975F;
						ProvisioningStyle = Automatic;
						TestTargetID = 3A31F8231EA8649C00018466;
					};
				};
			};
			buildConfigurationList = 3A31F81F1EA8649C00018466 /* Build configuration list for PBXProject "YFLWBSwift" */;
			compatibilityVersion = "Xcode 3.2";
			developmentRegion = English;
			hasScannedForEncodings = 0;
			knownRegions = (
				en,
				Base,
			);
			mainGroup = 3A31F81B1EA8649C00018466;
			productRefGroup = 3A31F8251EA8649C00018466 /* Products */;
			projectDirPath = "";
			projectRoot = "";
			targets = (
				3A31F8231EA8649C00018466 /* YFLWBSwift */,
				3A31F8371EA8649D00018466 /* YFLWBSwiftTests */,
				3A31F8421EA8649D00018466 /* YFLWBSwiftUITests */,
			);
		};
/* End PBXProject section */

/* Begin PBXResourcesBuildPhase section */
		3A31F8221EA8649C00018466 /* Resources */ = {
			isa = PBXResourcesBuildPhase;
			buildActionMask = 2147483647;
			files = (
				3A31F82F1EA8649C00018466 /* Assets.xcassets in Resources */,
			);
			runOnlyForDeploymentPostprocessing = 0;
		};
		3A31F8361EA8649D00018466 /* Resources */ = {
			isa = PBXResourcesBuildPhase;
			buildActionMask = 2147483647;
			files = (
			);
			runOnlyForDeploymentPostprocessing = 0;
		};
		3A31F8411EA8649D00018466 /* Resources */ = {
			isa = PBXResourcesBuildPhase;
			buildActionMask = 2147483647;
			files = (
			);
			runOnlyForDeploymentPostprocessing = 0;
		};
/* End PBXResourcesBuildPhase section */

/* Begin PBXSourcesBuildPhase section */
		3A31F8201EA8649C00018466 /* Sources */ = {
			isa = PBXSourcesBuildPhase;
			buildActionMask = 2147483647;
			files = (
				3A31F8ED1EA8B67C00018466 /* UIColor+CZAddition.m in Sources */,
				3A31F8E61EA8B67C00018466 /* NSArray+Log.m in Sources */,
				3A31F8C51EA8AD9E00018466 /* WBDiscoverController.swift in Sources */,
				3A31F8EE1EA8B67C00018466 /* UILabel+CZAddition.m in Sources */,
				3A31F8E71EA8B67C00018466 /* NSAttributedString+CZAdditon.m in Sources */,
				3A31F8F11EA8B67C00018466 /* UIViewController+CZAddition.m in Sources */,
				3A31F8E91EA8B67C00018466 /* NSString+CZBase64.m in Sources */,
				3A31F8C31EA8AD6C00018466 /* WBBaseViewController.swift in Sources */,
				3A31F8CB1EA8ADC400018466 /* WBProfileController.swift in Sources */,
				3A31F8C91EA8ADB400018466 /* WBMessageController.swift in Sources */,
				3A31F8EC1EA8B67C00018466 /* UIButton+CZAddition.m in Sources */,
				3A31F8EF1EA8B67C00018466 /* UIScreen+CZAddition.m in Sources */,
				3A31F8C71EA8ADA600018466 /* WBHomeViewController.swift in Sources */,
				3A31F8E81EA8B67C00018466 /* NSObject+CZRuntime.m in Sources */,
				3A31F8BF1EA8AD2E00018466 /* WBTabBarController.swift in Sources */,
				3A31F8281EA8649C00018466 /* AppDelegate.swift in Sources */,
				3A31F8EB1EA8B67C00018466 /* NSString+CZPath.m in Sources */,
				3A31F8F01EA8B67C00018466 /* UIView+CZAddition.m in Sources */,
				3A31F8EA1EA8B67C00018466 /* NSString+CZHash.m in Sources */,
				3A31F8C11EA8AD4F00018466 /* WBNavigationController.swift in Sources */,
			);
			runOnlyForDeploymentPostprocessing = 0;
		};
		3A31F8341EA8649D00018466 /* Sources */ = {
			isa = PBXSourcesBuildPhase;
			buildActionMask = 2147483647;
			files = (
				3A31F83D1EA8649D00018466 /* YFLWBSwiftTests.swift in Sources */,
			);
			runOnlyForDeploymentPostprocessing = 0;
		};
		3A31F83F1EA8649D00018466 /* Sources */ = {
			isa = PBXSourcesBuildPhase;
			buildActionMask = 2147483647;
			files = (
				3A31F8481EA8649D00018466 /* YFLWBSwiftUITests.swift in Sources */,
			);
			runOnlyForDeploymentPostprocessing = 0;
		};
/* End PBXSourcesBuildPhase section */

/* Begin PBXTargetDependency section */
		3A31F83A1EA8649D00018466 /* PBXTargetDependency */ = {
			isa = PBXTargetDependency;
			target = 3A31F8231EA8649C00018466 /* YFLWBSwift */;
			targetProxy = 3A31F8391EA8649D00018466 /* PBXContainerItemProxy */;
		};
		3A31F8451EA8649D00018466 /* PBXTargetDependency */ = {
			isa = PBXTargetDependency;
			target = 3A31F8231EA8649C00018466 /* YFLWBSwift */;
			targetProxy = 3A31F8441EA8649D00018466 /* PBXContainerItemProxy */;
		};
/* End PBXTargetDependency section */

/* Begin XCBuildConfiguration section */
		3A31F84A1EA8649D00018466 /* Debug */ = {
			isa = XCBuildConfiguration;
			buildSettings = {
				ALWAYS_SEARCH_USER_PATHS = NO;
				CLANG_ANALYZER_NONNULL = YES;
				CLANG_CXX_LANGUAGE_STANDARD = "gnu++0x";
				CLANG_CXX_LIBRARY = "libc++";
				CLANG_ENABLE_MODULES = YES;
				CLANG_ENABLE_OBJC_ARC = YES;
				CLANG_WARN_BOOL_CONVERSION = YES;
				CLANG_WARN_CONSTANT_CONVERSION = YES;
				CLANG_WARN_DIRECT_OBJC_ISA_USAGE = YES_ERROR;
				CLANG_WARN_DOCUMENTATION_COMMENTS = YES;
				CLANG_WARN_EMPTY_BODY = YES;
				CLANG_WARN_ENUM_CONVERSION = YES;
				CLANG_WARN_INFINITE_RECURSION = YES;
				CLANG_WARN_INT_CONVERSION = YES;
				CLANG_WARN_OBJC_ROOT_CLASS = YES_ERROR;
				CLANG_WARN_SUSPICIOUS_MOVE = YES;
				CLANG_WARN_UNREACHABLE_CODE = YES;
				CLANG_WARN__DUPLICATE_METHOD_MATCH = YES;
				"CODE_SIGN_IDENTITY[sdk=iphoneos*]" = "iPhone Developer";
				COPY_PHASE_STRIP = NO;
				DEBUG_INFORMATION_FORMAT = dwarf;
				ENABLE_STRICT_OBJC_MSGSEND = YES;
				ENABLE_TESTABILITY = YES;
				GCC_C_LANGUAGE_STANDARD = gnu99;
				GCC_DYNAMIC_NO_PIC = NO;
				GCC_NO_COMMON_BLOCKS = YES;
				GCC_OPTIMIZATION_LEVEL = 0;
				GCC_PREPROCESSOR_DEFINITIONS = (
					"DEBUG=1",
					"$(inherited)",
				);
				GCC_WARN_64_TO_32_BIT_CONVERSION = YES;
				GCC_WARN_ABOUT_RETURN_TYPE = YES_ERROR;
				GCC_WARN_UNDECLARED_SELECTOR = YES;
				GCC_WARN_UNINITIALIZED_AUTOS = YES_AGGRESSIVE;
				GCC_WARN_UNUSED_FUNCTION = YES;
				GCC_WARN_UNUSED_VARIABLE = YES;
				IPHONEOS_DEPLOYMENT_TARGET = 10.2;
				MTL_ENABLE_DEBUG_INFO = YES;
				ONLY_ACTIVE_ARCH = YES;
				SDKROOT = iphoneos;
				SWIFT_ACTIVE_COMPILATION_CONDITIONS = DEBUG;
				SWIFT_OPTIMIZATION_LEVEL = "-Onone";
			};
			name = Debug;
		};
		3A31F84B1EA8649D00018466 /* Release */ = {
			isa = XCBuildConfiguration;
			buildSettings = {
				ALWAYS_SEARCH_USER_PATHS = NO;
				CLANG_ANALYZER_NONNULL = YES;
				CLANG_CXX_LANGUAGE_STANDARD = "gnu++0x";
				CLANG_CXX_LIBRARY = "libc++";
				CLANG_ENABLE_MODULES = YES;
				CLANG_ENABLE_OBJC_ARC = YES;
				CLANG_WARN_BOOL_CONVERSION = YES;
				CLANG_WARN_CONSTANT_CONVERSION = YES;
				CLANG_WARN_DIRECT_OBJC_ISA_USAGE = YES_ERROR;
				CLANG_WARN_DOCUMENTATION_COMMENTS = YES;
				CLANG_WARN_EMPTY_BODY = YES;
				CLANG_WARN_ENUM_CONVERSION = YES;
				CLANG_WARN_INFINITE_RECURSION = YES;
				CLANG_WARN_INT_CONVERSION = YES;
				CLANG_WARN_OBJC_ROOT_CLASS = YES_ERROR;
				CLANG_WARN_SUSPICIOUS_MOVE = YES;
				CLANG_WARN_UNREACHABLE_CODE = YES;
				CLANG_WARN__DUPLICATE_METHOD_MATCH = YES;
				"CODE_SIGN_IDENTITY[sdk=iphoneos*]" = "iPhone Developer";
				COPY_PHASE_STRIP = NO;
				DEBUG_INFORMATION_FORMAT = "dwarf-with-dsym";
				ENABLE_NS_ASSERTIONS = NO;
				ENABLE_STRICT_OBJC_MSGSEND = YES;
				GCC_C_LANGUAGE_STANDARD = gnu99;
				GCC_NO_COMMON_BLOCKS = YES;
				GCC_WARN_64_TO_32_BIT_CONVERSION = YES;
				GCC_WARN_ABOUT_RETURN_TYPE = YES_ERROR;
				GCC_WARN_UNDECLARED_SELECTOR = YES;
				GCC_WARN_UNINITIALIZED_AUTOS = YES_AGGRESSIVE;
				GCC_WARN_UNUSED_FUNCTION = YES;
				GCC_WARN_UNUSED_VARIABLE = YES;
				IPHONEOS_DEPLOYMENT_TARGET = 10.2;
				MTL_ENABLE_DEBUG_INFO = NO;
				SDKROOT = iphoneos;
				SWIFT_OPTIMIZATION_LEVEL = "-Owholemodule";
				VALIDATE_PRODUCT = YES;
			};
			name = Release;
		};
		3A31F84D1EA8649D00018466 /* Debug */ = {
			isa = XCBuildConfiguration;
			buildSettings = {
				ASSETCATALOG_COMPILER_APPICON_NAME = AppIcon;
				ASSETCATALOG_COMPILER_LAUNCHIMAGE_NAME = LaunchImage;
				DEVELOPMENT_TEAM = KK5694975F;
				INFOPLIST_FILE = YFLWBSwift/Info.plist;
				IPHONEOS_DEPLOYMENT_TARGET = 8.0;
				LD_RUNPATH_SEARCH_PATHS = "$(inherited) @executable_path/Frameworks";
				PRODUCT_BUNDLE_IDENTIFIER = YFL.YFLWBSwift;
				PRODUCT_NAME = "$(TARGET_NAME)";
				SWIFT_OBJC_BRIDGING_HEADER = "YFLWBSwift/WB-bridge.h";
				SWIFT_VERSION = 3.0;
			};
			name = Debug;
		};
		3A31F84E1EA8649D00018466 /* Release */ = {
			isa = XCBuildConfiguration;
			buildSettings = {
				ASSETCATALOG_COMPILER_APPICON_NAME = AppIcon;
				ASSETCATALOG_COMPILER_LAUNCHIMAGE_NAME = LaunchImage;
				DEVELOPMENT_TEAM = KK5694975F;
				INFOPLIST_FILE = YFLWBSwift/Info.plist;
				IPHONEOS_DEPLOYMENT_TARGET = 8.0;
				LD_RUNPATH_SEARCH_PATHS = "$(inherited) @executable_path/Frameworks";
				PRODUCT_BUNDLE_IDENTIFIER = YFL.YFLWBSwift;
				PRODUCT_NAME = "$(TARGET_NAME)";
				SWIFT_OBJC_BRIDGING_HEADER = "YFLWBSwift/WB-bridge.h";
				SWIFT_VERSION = 3.0;
			};
			name = Release;
		};
		3A31F8501EA8649D00018466 /* Debug */ = {
			isa = XCBuildConfiguration;
			buildSettings = {
				ALWAYS_EMBED_SWIFT_STANDARD_LIBRARIES = YES;
				BUNDLE_LOADER = "$(TEST_HOST)";
				DEVELOPMENT_TEAM = KK5694975F;
				INFOPLIST_FILE = YFLWBSwiftTests/Info.plist;
				LD_RUNPATH_SEARCH_PATHS = "$(inherited) @executable_path/Frameworks @loader_path/Frameworks";
				PRODUCT_BUNDLE_IDENTIFIER = YFL.YFLWBSwiftTests;
				PRODUCT_NAME = "$(TARGET_NAME)";
				SWIFT_VERSION = 3.0;
				TEST_HOST = "$(BUILT_PRODUCTS_DIR)/YFLWBSwift.app/YFLWBSwift";
			};
			name = Debug;
		};
		3A31F8511EA8649D00018466 /* Release */ = {
			isa = XCBuildConfiguration;
			buildSettings = {
				ALWAYS_EMBED_SWIFT_STANDARD_LIBRARIES = YES;
				BUNDLE_LOADER = "$(TEST_HOST)";
				DEVELOPMENT_TEAM = KK5694975F;
				INFOPLIST_FILE = YFLWBSwiftTests/Info.plist;
				LD_RUNPATH_SEARCH_PATHS = "$(inherited) @executable_path/Frameworks @loader_path/Frameworks";
				PRODUCT_BUNDLE_IDENTIFIER = YFL.YFLWBSwiftTests;
				PRODUCT_NAME = "$(TARGET_NAME)";
				SWIFT_VERSION = 3.0;
				TEST_HOST = "$(BUILT_PRODUCTS_DIR)/YFLWBSwift.app/YFLWBSwift";
			};
			name = Release;
		};
		3A31F8531EA8649D00018466 /* Debug */ = {
			isa = XCBuildConfiguration;
			buildSettings = {
				ALWAYS_EMBED_SWIFT_STANDARD_LIBRARIES = YES;
				DEVELOPMENT_TEAM = KK5694975F;
				INFOPLIST_FILE = YFLWBSwiftUITests/Info.plist;
				LD_RUNPATH_SEARCH_PATHS = "$(inherited) @executable_path/Frameworks @loader_path/Frameworks";
				PRODUCT_BUNDLE_IDENTIFIER = YFL.YFLWBSwiftUITests;
				PRODUCT_NAME = "$(TARGET_NAME)";
				SWIFT_VERSION = 3.0;
				TEST_TARGET_NAME = YFLWBSwift;
			};
			name = Debug;
		};
		3A31F8541EA8649D00018466 /* Release */ = {
			isa = XCBuildConfiguration;
			buildSettings = {
				ALWAYS_EMBED_SWIFT_STANDARD_LIBRARIES = YES;
				DEVELOPMENT_TEAM = KK5694975F;
				INFOPLIST_FILE = YFLWBSwiftUITests/Info.plist;
				LD_RUNPATH_SEARCH_PATHS = "$(inherited) @executable_path/Frameworks @loader_path/Frameworks";
				PRODUCT_BUNDLE_IDENTIFIER = YFL.YFLWBSwiftUITests;
				PRODUCT_NAME = "$(TARGET_NAME)";
				SWIFT_VERSION = 3.0;
				TEST_TARGET_NAME = YFLWBSwift;
			};
			name = Release;
		};
/* End XCBuildConfiguration section */

/* Begin XCConfigurationList section */
		3A31F81F1EA8649C00018466 /* Build configuration list for PBXProject "YFLWBSwift" */ = {
			isa = XCConfigurationList;
			buildConfigurations = (
				3A31F84A1EA8649D00018466 /* Debug */,
				3A31F84B1EA8649D00018466 /* Release */,
			);
			defaultConfigurationIsVisible = 0;
			defaultConfigurationName = Release;
		};
		3A31F84C1EA8649D00018466 /* Build configuration list for PBXNativeTarget "YFLWBSwift" */ = {
			isa = XCConfigurationList;
			buildConfigurations = (
				3A31F84D1EA8649D00018466 /* Debug */,
				3A31F84E1EA8649D00018466 /* Release */,
			);
			defaultConfigurationIsVisible = 0;
			defaultConfigurationName = Release;
		};
		3A31F84F1EA8649D00018466 /* Build configuration list for PBXNativeTarget "YFLWBSwiftTests" */ = {
			isa = XCConfigurationList;
			buildConfigurations = (
				3A31F8501EA8649D00018466 /* Debug */,
				3A31F8511EA8649D00018466 /* Release */,
			);
			defaultConfigurationIsVisible = 0;
			defaultConfigurationName = Release;
		};
		3A31F8521EA8649D00018466 /* Build configuration list for PBXNativeTarget "YFLWBSwiftUITests" */ = {
			isa = XCConfigurationList;
			buildConfigurations = (
				3A31F8531EA8649D00018466 /* Debug */,
				3A31F8541EA8649D00018466 /* Release */,
			);
			defaultConfigurationIsVisible = 0;
			defaultConfigurationName = Release;
		};
/* End XCConfigurationList section */
	};
	rootObject = 3A31F81C1EA8649C00018466 /* Project object */;
}
